        "@testing-library/jest-dom": "^6.2.0",
        "gatsby": "^6.0.0",
        "react-helmet": "^6.2.0"
        "@testing-library/react": "^15.0.0",
        "babel-jest": "^30.0.0",
        "babel-preset-gatsby": "^4.0.0",
        "eslint": "^8.57.0",
        "eslint-plugin-jest": "^27.6.0",
        "gatsby-plugin-sitemap": "^7.0.0",
        "husky": "^9.0.0",
        "jest": "^30.0.0",
        "jest-environment-jsdom": "^30.0.0",
        "prettier": "^3.0.0"
